{
  "name": "nexurejs-production-api",
  "version": "1.0.0",
  "lockfileVersion": 3,
  "requires": true,
  "packages": {
    "": {
      "name": "nexurejs-production-api",
      "version": "1.0.0",
      "dependencies": {
        "nexurejs": "file:../.."
      },
      "engines": {
        "node": ">=18.0.0"
      }
    },
    "../..": {
      "version": "0.3.1",
      "hasInstallScript": true,
      "license": "MIT",
      "dependencies": {
        "commander": "^12.1.0",
        "reflect-metadata": "^0.2.1"
      },
      "bin": {
        "nexure": "bin/nexure.js"
      },
      "devDependencies": {
        "@commitlint/cli": "^19.8.0",
        "@commitlint/config-conventional": "^19.8.0",
        "@types/express": "^5.0.1",
        "@types/jest": "^29.5.14",
        "@types/koa": "^2.15.0",
        "@types/node": "^22.13.10",
        "@types/ws": "^8.5.10",
        "@typescript-eslint/eslint-plugin": "^8.28.0",
        "@typescript-eslint/parser": "^8.28.0",
        "ajv": "^8.12.0",
        "ajv-formats": "^3.0.1",
        "autocannon": "^8.0.0",
        "babel-plugin-istanbul": "^7.0.0",
        "commitizen": "^4.3.1",
        "cz-conventional-changelog": "^3.3.0",
        "eslint": "^9.23.0",
        "eslint-config-prettier": "^10.1.1",
        "express": "^5.1.0",
        "fastify": "^5.2.2",
        "husky": "^9.1.7",
        "jest": "^29.7.0",
        "koa": "^2.16.0",
        "node-addon-api": "^7.1.1",
        "node-gyp": "^10.0.1",
        "nodemon": "^3.1.9",
        "nyc": "^15.1.0",
        "open": "^10.1.0",
        "prettier": "^3.5.3",
        "tar": "^7.4.3",
        "tar-stream": "^3.1.6",
        "test-exclude": "^7.0.0",
        "ts-jest": "^29.3.1",
        "ts-node": "^10.9.2",
        "typescript": "^5.8.2",
        "typescript-eslint": "^8.28.0",
        "ws": "^8.16.0"
      },
      "engines": {
        "node": ">=16.14.0"
      },
      "optionalDependencies": {
        "ioredis": "^5.3.2",
        "nexurejs-native-darwin-arm64": "^0.1.0",
        "nexurejs-native-darwin-x64": "^0.1.0",
        "nexurejs-native-linux-x64": "^0.1.0",
        "nexurejs-native-win32-x64": "^0.1.0",
        "simdjson": "^0.9.2",
        "zlib-sync": "^0.1.8"
      }
    },
    "node_modules/nexurejs": {
      "resolved": "../..",
      "link": true
    }
  }
}
